
Microsoft Visual Studio Solution File, Format Version 12.00
# Visual Studio Version 17
VisualStudioVersion = 17.13.35818.85 d17.13
MinimumVisualStudioVersion = 10.0.40219.1
Project("{FAE04EC0-301F-11D3-BF4B-00C04F79EFBC}") = "Assessment3", "Assessment3.csproj", "{AAAF7FC5-587F-4926-B4D0-E21FD90A26E0}"
EndProject
Global
	GlobalSection(SolutionConfigurationPlatforms) = preSolution
		Debug|Any CPU = Debug|Any CPU
		Release|Any CPU = Release|Any CPU
	EndGlobalSection
	GlobalSection(ProjectConfigurationPlatforms) = postSolution
		{AAAF7FC5-587F-4926-B4D0-E21FD90A26E0}.Debug|Any CPU.ActiveCfg = Debug|Any CPU
		{AAAF7FC5-587F-4926-B4D0-E21FD90A26E0}.Debug|Any CPU.Build.0 = Debug|Any CPU
		{AAAF7FC5-587F-4926-B4D0-E21FD90A26E0}.Release|Any CPU.ActiveCfg = Release|Any CPU
		{AAAF7FC5-587F-4926-B4D0-E21FD90A26E0}.Release|Any CPU.Build.0 = Release|Any CPU
	EndGlobalSection
	GlobalSection(SolutionProperties) = preSolution
		HideSolutionNode = FALSE
	EndGlobalSection
	GlobalSection(ExtensibilityGlobals) = postSolution
		SolutionGuid = {9875E02B-B2FE-4A7E-BAD3-BC8E8ADB1319}
	EndGlobalSection
EndGlobal
